
Microsoft Visual Studio Solution File, Format Version 12.00
# Visual Studio 15
VisualStudioVersion = 15.0.27703.2047
MinimumVisualStudioVersion = 10.0.40219.1
Project("{FAE04EC0-301F-11D3-BF4B-00C04F79EFBC}") = "WebApplication1", "WebApplication1\WebApplication1.csproj", "{3EAEF6E6-6C04-49DC-B8AD-150D7B793D5D}"
EndProject
Global
	GlobalSection(SolutionConfigurationPlatforms) = preSolution
		Debug|Any CPU = Debug|Any CPU
		Release|Any CPU = Release|Any CPU
	EndGlobalSection
	GlobalSection(ProjectConfigurationPlatforms) = postSolution
		{3EAEF6E6-6C04-49DC-B8AD-150D7B793D5D}.Debug|Any CPU.ActiveCfg = Debug|Any CPU
		{3EAEF6E6-6C04-49DC-B8AD-150D7B793D5D}.Debug|Any CPU.Build.0 = Debug|Any CPU
		{3EAEF6E6-6C04-49DC-B8AD-150D7B793D5D}.Release|Any CPU.ActiveCfg = Release|Any CPU
		{3EAEF6E6-6C04-49DC-B8AD-150D7B793D5D}.Release|Any CPU.Build.0 = Release|Any CPU
	EndGlobalSection
	GlobalSection(SolutionProperties) = preSolution
		HideSolutionNode = FALSE
	EndGlobalSection
	GlobalSection(ExtensibilityGlobals) = postSolution
		SolutionGuid = {BBCA2FFA-AB5F-4DF4-A6AF-4E28C318F8BC}
	EndGlobalSection
EndGlobal
